
Microsoft Visual Studio Solution File, Format Version 12.00
# Visual Studio Version 17
VisualStudioVersion = 17.2.32630.192
MinimumVisualStudioVersion = 10.0.40219.1
Project("{9A19103F-16F7-4668-BE54-9A1E7A4F7556}") = "FieldTech.Api", "FieldTech.Api\FieldTech.Api.csproj", "{79856C81-26FE-43B4-B33F-1554CD49BC40}"
EndProject
Project("{9A19103F-16F7-4668-BE54-9A1E7A4F7556}") = "FieldTech.Repository", "FieldTech.Repository\FieldTech.Repository.csproj", "{44BDE1D5-78B4-422A-B073-E4FF86F55A61}"
EndProject
Project("{9A19103F-16F7-4668-BE54-9A1E7A4F7556}") = "FieldTech.CrossCutting", "FieldTech.CrossCutting\FieldTech.CrossCutting.csproj", "{0E0C2F34-783C-446B-804D-0C795A22D01E}"
EndProject
Project("{9A19103F-16F7-4668-BE54-9A1E7A4F7556}") = "FieldTech.Domain", "FieldTech.Domain\FieldTech.Domain.csproj", "{789BC5D2-745F-4BD0-A435-D3D31FDEBBBA}"
EndProject
Project("{FAE04EC0-301F-11D3-BF4B-00C04F79EFBC}") = "FieldTech.Application", "FieldTech.Application\FieldTech.Application.csproj", "{D896900E-2697-4B41-BF02-5CA6E929E04C}"
EndProject
Global
	GlobalSection(SolutionConfigurationPlatforms) = preSolution
		Debug|Any CPU = Debug|Any CPU
		Release|Any CPU = Release|Any CPU
	EndGlobalSection
	GlobalSection(ProjectConfigurationPlatforms) = postSolution
		{79856C81-26FE-43B4-B33F-1554CD49BC40}.Debug|Any CPU.ActiveCfg = Debug|Any CPU
		{79856C81-26FE-43B4-B33F-1554CD49BC40}.Debug|Any CPU.Build.0 = Debug|Any CPU
		{79856C81-26FE-43B4-B33F-1554CD49BC40}.Release|Any CPU.ActiveCfg = Release|Any CPU
		{79856C81-26FE-43B4-B33F-1554CD49BC40}.Release|Any CPU.Build.0 = Release|Any CPU
		{44BDE1D5-78B4-422A-B073-E4FF86F55A61}.Debug|Any CPU.ActiveCfg = Debug|Any CPU
		{44BDE1D5-78B4-422A-B073-E4FF86F55A61}.Debug|Any CPU.Build.0 = Debug|Any CPU
		{44BDE1D5-78B4-422A-B073-E4FF86F55A61}.Release|Any CPU.ActiveCfg = Release|Any CPU
		{44BDE1D5-78B4-422A-B073-E4FF86F55A61}.Release|Any CPU.Build.0 = Release|Any CPU
		{0E0C2F34-783C-446B-804D-0C795A22D01E}.Debug|Any CPU.ActiveCfg = Debug|Any CPU
		{0E0C2F34-783C-446B-804D-0C795A22D01E}.Debug|Any CPU.Build.0 = Debug|Any CPU
		{0E0C2F34-783C-446B-804D-0C795A22D01E}.Release|Any CPU.ActiveCfg = Release|Any CPU
		{0E0C2F34-783C-446B-804D-0C795A22D01E}.Release|Any CPU.Build.0 = Release|Any CPU
		{789BC5D2-745F-4BD0-A435-D3D31FDEBBBA}.Debug|Any CPU.ActiveCfg = Debug|Any CPU
		{789BC5D2-745F-4BD0-A435-D3D31FDEBBBA}.Debug|Any CPU.Build.0 = Debug|Any CPU
		{789BC5D2-745F-4BD0-A435-D3D31FDEBBBA}.Release|Any CPU.ActiveCfg = Release|Any CPU
		{789BC5D2-745F-4BD0-A435-D3D31FDEBBBA}.Release|Any CPU.Build.0 = Release|Any CPU
		{D896900E-2697-4B41-BF02-5CA6E929E04C}.Debug|Any CPU.ActiveCfg = Debug|Any CPU
		{D896900E-2697-4B41-BF02-5CA6E929E04C}.Debug|Any CPU.Build.0 = Debug|Any CPU
		{D896900E-2697-4B41-BF02-5CA6E929E04C}.Release|Any CPU.ActiveCfg = Release|Any CPU
		{D896900E-2697-4B41-BF02-5CA6E929E04C}.Release|Any CPU.Build.0 = Release|Any CPU
	EndGlobalSection
	GlobalSection(SolutionProperties) = preSolution
		HideSolutionNode = FALSE
	EndGlobalSection
	GlobalSection(ExtensibilityGlobals) = postSolution
		SolutionGuid = {5132840E-E46E-44D3-937E-C07FC33E937E}
	EndGlobalSection
EndGlobal
